{"1.1.0",
[{<<"certifi">>,{pkg,<<"certifi">>,<<"2.3.1">>},0},
 {<<"idna">>,{pkg,<<"idna">>,<<"5.1.1">>},0},
 {<<"metrics">>,{pkg,<<"metrics">>,<<"2.4.0">>},0},
 {<<"mimerl">>,{pkg,<<"mimerl">>,<<"1.1.0">>},0},
 {<<"parse_trans">>,{pkg,<<"parse_trans">>,<<"3.2.0">>},1},
 {<<"ssl_verify_fun">>,{pkg,<<"ssl_verify_fun">>,<<"1.1.3">>},0},
 {<<"unicode_util_compat">>,{pkg,<<"unicode_util_compat">>,<<"0.3.1">>},1}]}.
[
{pkg_hash,[
 {<<"certifi">>, <<"D0F424232390BF47D82DA8478022301C561CF6445B5B5FB6A84D49A9E76D2639">>},
 {<<"idna">>, <<"CBC3B2FA1645113267CC59C760BAFA64B2EA0334635EF06DBAC8801E42F7279C">>},
 {<<"metrics">>, <<"8FFE3D9AADDFA26A1AA253A90958F02FC46B182007BCDB49919FB237A50D683A">>},
 {<<"mimerl">>, <<"5640F2E988056D5E77BF5C8500D306D15749E29518F342DB02E42DAC5D232486">>},
 {<<"parse_trans">>, <<"2ADFA4DAF80C14DC36F522CF190EB5C4EE3E28008FC6394397C16F62A26258C2">>},
 {<<"ssl_verify_fun">>, <<"6C49665D4326E26CD4A5B7BD54AA442B33DADFB7C5D59A0D0CD0BF5534BBFBD7">>},
 {<<"unicode_util_compat">>, <<"A1F612A7B512638634A603C8F401892AFBF99B8CE93A45041F8AACA99CADB85E">>}]}
].
