{"1.1.0",
[{<<"certifi">>,{pkg,<<"certifi">>,<<"1.2.1">>},0},
 {<<"idna">>,{pkg,<<"idna">>,<<"5.0.2">>},0},
 {<<"metrics">>,{pkg,<<"metrics">>,<<"1.0.1">>},0},
 {<<"mimerl">>,{pkg,<<"mimerl">>,<<"1.0.2">>},0},
 {<<"ssl_verify_fun">>,{pkg,<<"ssl_verify_fun">>,<<"1.1.1">>},0},
 {<<"unicode_util_compat">>,{pkg,<<"unicode_util_compat">>,<<"0.2.0">>},1}]}.
[
{pkg_hash,[
 {<<"certifi">>, <<"C3904F192BD5284E5B13F20DB3CEAC9626E14EEACFBB492E19583CF0E37B22BE">>},
 {<<"idna">>, <<"AC203208ADA855D95DC591A764B6E87259CB0E2A364218F215AD662DAA8CD6B4">>},
 {<<"metrics">>, <<"25F094DEA2CDA98213CECC3AEFF09E940299D950904393B2A29D191C346A8486">>},
 {<<"mimerl">>, <<"993F9B0E084083405ED8252B99460C4F0563E41729AB42D9074FD5E52439BE88">>},
 {<<"ssl_verify_fun">>, <<"28A4D65B7F59893BC2C7DE786DEC1E1555BD742D336043FE644AE956C3497FBE">>},
 {<<"unicode_util_compat">>, <<"DBBCCF6781821B1C0701845EAF966C9B6D83D7C3BFC65CA2B78B88B8678BFA35">>}]}
].
